
Microsoft Visual Studio Solution File, Format Version 12.00
# Visual Studio Version 16
VisualStudioVersion = 16.0.31624.102
MinimumVisualStudioVersion = 10.0.40219.1
Project("{FAE04EC0-301F-11D3-BF4B-00C04F79EFBC}") = "Functions", "Functions\Functions.csproj", "{D775E05D-3A47-4DDA-AE53-815E440EB009}"
EndProject
Project("{FAE04EC0-301F-11D3-BF4B-00C04F79EFBC}") = "UserNameData", "UserNameData\UserNameData.csproj", "{CE1BC645-8FF9-4CB9-822B-5033CD93B308}"
EndProject
Project("{FAE04EC0-301F-11D3-BF4B-00C04F79EFBC}") = "UserNameDataTask", "UserNameDataTask\UserNameDataTask.csproj", "{89470FDD-0B6B-4B4E-9B9C-C8C1C1DAFEBF}"
EndProject
Global
	GlobalSection(SolutionConfigurationPlatforms) = preSolution
		Debug|Any CPU = Debug|Any CPU
		Release|Any CPU = Release|Any CPU
	EndGlobalSection
	GlobalSection(ProjectConfigurationPlatforms) = postSolution
		{D775E05D-3A47-4DDA-AE53-815E440EB009}.Debug|Any CPU.ActiveCfg = Debug|Any CPU
		{D775E05D-3A47-4DDA-AE53-815E440EB009}.Debug|Any CPU.Build.0 = Debug|Any CPU
		{D775E05D-3A47-4DDA-AE53-815E440EB009}.Release|Any CPU.ActiveCfg = Release|Any CPU
		{D775E05D-3A47-4DDA-AE53-815E440EB009}.Release|Any CPU.Build.0 = Release|Any CPU
		{CE1BC645-8FF9-4CB9-822B-5033CD93B308}.Debug|Any CPU.ActiveCfg = Debug|Any CPU
		{CE1BC645-8FF9-4CB9-822B-5033CD93B308}.Debug|Any CPU.Build.0 = Debug|Any CPU
		{CE1BC645-8FF9-4CB9-822B-5033CD93B308}.Release|Any CPU.ActiveCfg = Release|Any CPU
		{CE1BC645-8FF9-4CB9-822B-5033CD93B308}.Release|Any CPU.Build.0 = Release|Any CPU
		{89470FDD-0B6B-4B4E-9B9C-C8C1C1DAFEBF}.Debug|Any CPU.ActiveCfg = Debug|Any CPU
		{89470FDD-0B6B-4B4E-9B9C-C8C1C1DAFEBF}.Debug|Any CPU.Build.0 = Debug|Any CPU
		{89470FDD-0B6B-4B4E-9B9C-C8C1C1DAFEBF}.Release|Any CPU.ActiveCfg = Release|Any CPU
		{89470FDD-0B6B-4B4E-9B9C-C8C1C1DAFEBF}.Release|Any CPU.Build.0 = Release|Any CPU
	EndGlobalSection
	GlobalSection(SolutionProperties) = preSolution
		HideSolutionNode = FALSE
	EndGlobalSection
	GlobalSection(ExtensibilityGlobals) = postSolution
		SolutionGuid = {A2D02915-3B3A-4A60-A503-8BA1006D8E06}
	EndGlobalSection
EndGlobal
